
Microsoft Visual Studio Solution File, Format Version 12.00
# Visual Studio 2012
Project("{FAE04EC0-301F-11D3-BF4B-00C04F79EFBC}") = "UI", "EF360\UI.csproj", "{5D1B25D4-3FCD-4817-8C4F-BD9D54B9D229}"
EndProject
Project("{FAE04EC0-301F-11D3-BF4B-00C04F79EFBC}") = "DAL", "DAL\DAL.csproj", "{1911249F-AF97-435A-8FF1-9E81812D2A7F}"
EndProject
Project("{FAE04EC0-301F-11D3-BF4B-00C04F79EFBC}") = "Scratch", "Scratch\Scratch.csproj", "{6F58FC2E-B541-46A5-AC68-0654919B56A6}"
EndProject
Project("{FAE04EC0-301F-11D3-BF4B-00C04F79EFBC}") = "DALOrdering", "DALOrdering\DALOrdering.csproj", "{DD409097-4C1E-49D9-A615-57D8ED9AFC20}"
EndProject
Global
	GlobalSection(SolutionConfigurationPlatforms) = preSolution
		Debug|Any CPU = Debug|Any CPU
		Debug|Mixed Platforms = Debug|Mixed Platforms
		Debug|x86 = Debug|x86
		Release|Any CPU = Release|Any CPU
		Release|Mixed Platforms = Release|Mixed Platforms
		Release|x86 = Release|x86
	EndGlobalSection
	GlobalSection(ProjectConfigurationPlatforms) = postSolution
		{5D1B25D4-3FCD-4817-8C4F-BD9D54B9D229}.Debug|Any CPU.ActiveCfg = Debug|Any CPU
		{5D1B25D4-3FCD-4817-8C4F-BD9D54B9D229}.Debug|Any CPU.Build.0 = Debug|Any CPU
		{5D1B25D4-3FCD-4817-8C4F-BD9D54B9D229}.Debug|Mixed Platforms.ActiveCfg = Debug|Any CPU
		{5D1B25D4-3FCD-4817-8C4F-BD9D54B9D229}.Debug|Mixed Platforms.Build.0 = Debug|Any CPU
		{5D1B25D4-3FCD-4817-8C4F-BD9D54B9D229}.Debug|x86.ActiveCfg = Debug|Any CPU
		{5D1B25D4-3FCD-4817-8C4F-BD9D54B9D229}.Release|Any CPU.ActiveCfg = Release|Any CPU
		{5D1B25D4-3FCD-4817-8C4F-BD9D54B9D229}.Release|Any CPU.Build.0 = Release|Any CPU
		{5D1B25D4-3FCD-4817-8C4F-BD9D54B9D229}.Release|Mixed Platforms.ActiveCfg = Release|Any CPU
		{5D1B25D4-3FCD-4817-8C4F-BD9D54B9D229}.Release|Mixed Platforms.Build.0 = Release|Any CPU
		{5D1B25D4-3FCD-4817-8C4F-BD9D54B9D229}.Release|x86.ActiveCfg = Release|Any CPU
		{1911249F-AF97-435A-8FF1-9E81812D2A7F}.Debug|Any CPU.ActiveCfg = Debug|Any CPU
		{1911249F-AF97-435A-8FF1-9E81812D2A7F}.Debug|Any CPU.Build.0 = Debug|Any CPU
		{1911249F-AF97-435A-8FF1-9E81812D2A7F}.Debug|Mixed Platforms.ActiveCfg = Debug|Any CPU
		{1911249F-AF97-435A-8FF1-9E81812D2A7F}.Debug|Mixed Platforms.Build.0 = Debug|Any CPU
		{1911249F-AF97-435A-8FF1-9E81812D2A7F}.Debug|x86.ActiveCfg = Debug|Any CPU
		{1911249F-AF97-435A-8FF1-9E81812D2A7F}.Release|Any CPU.ActiveCfg = Release|Any CPU
		{1911249F-AF97-435A-8FF1-9E81812D2A7F}.Release|Any CPU.Build.0 = Release|Any CPU
		{1911249F-AF97-435A-8FF1-9E81812D2A7F}.Release|Mixed Platforms.ActiveCfg = Release|Any CPU
		{1911249F-AF97-435A-8FF1-9E81812D2A7F}.Release|Mixed Platforms.Build.0 = Release|Any CPU
		{1911249F-AF97-435A-8FF1-9E81812D2A7F}.Release|x86.ActiveCfg = Release|Any CPU
		{6F58FC2E-B541-46A5-AC68-0654919B56A6}.Debug|Any CPU.ActiveCfg = Debug|Any CPU
		{6F58FC2E-B541-46A5-AC68-0654919B56A6}.Debug|Any CPU.Build.0 = Debug|Any CPU
		{6F58FC2E-B541-46A5-AC68-0654919B56A6}.Debug|Mixed Platforms.ActiveCfg = Debug|Any CPU
		{6F58FC2E-B541-46A5-AC68-0654919B56A6}.Debug|Mixed Platforms.Build.0 = Debug|Any CPU
		{6F58FC2E-B541-46A5-AC68-0654919B56A6}.Debug|x86.ActiveCfg = Debug|Any CPU
		{6F58FC2E-B541-46A5-AC68-0654919B56A6}.Release|Any CPU.ActiveCfg = Release|Any CPU
		{6F58FC2E-B541-46A5-AC68-0654919B56A6}.Release|Any CPU.Build.0 = Release|Any CPU
		{6F58FC2E-B541-46A5-AC68-0654919B56A6}.Release|Mixed Platforms.ActiveCfg = Release|Any CPU
		{6F58FC2E-B541-46A5-AC68-0654919B56A6}.Release|Mixed Platforms.Build.0 = Release|Any CPU
		{6F58FC2E-B541-46A5-AC68-0654919B56A6}.Release|x86.ActiveCfg = Release|Any CPU
		{DD409097-4C1E-49D9-A615-57D8ED9AFC20}.Debug|Any CPU.ActiveCfg = Debug|Any CPU
		{DD409097-4C1E-49D9-A615-57D8ED9AFC20}.Debug|Any CPU.Build.0 = Debug|Any CPU
		{DD409097-4C1E-49D9-A615-57D8ED9AFC20}.Debug|Mixed Platforms.ActiveCfg = Debug|Any CPU
		{DD409097-4C1E-49D9-A615-57D8ED9AFC20}.Debug|Mixed Platforms.Build.0 = Debug|Any CPU
		{DD409097-4C1E-49D9-A615-57D8ED9AFC20}.Debug|x86.ActiveCfg = Debug|Any CPU
		{DD409097-4C1E-49D9-A615-57D8ED9AFC20}.Release|Any CPU.ActiveCfg = Release|Any CPU
		{DD409097-4C1E-49D9-A615-57D8ED9AFC20}.Release|Any CPU.Build.0 = Release|Any CPU
		{DD409097-4C1E-49D9-A615-57D8ED9AFC20}.Release|Mixed Platforms.ActiveCfg = Release|Any CPU
		{DD409097-4C1E-49D9-A615-57D8ED9AFC20}.Release|Mixed Platforms.Build.0 = Release|Any CPU
		{DD409097-4C1E-49D9-A615-57D8ED9AFC20}.Release|x86.ActiveCfg = Release|Any CPU
	EndGlobalSection
	GlobalSection(SolutionProperties) = preSolution
		HideSolutionNode = FALSE
	EndGlobalSection
EndGlobal
